
Microsoft Visual Studio Solution File, Format Version 12.00
# Visual Studio Version 17
VisualStudioVersion = 17.5.33414.496
MinimumVisualStudioVersion = 10.0.40219.1
Project("{9A19103F-16F7-4668-BE54-9A1E7A4F7556}") = "ProgrammingBasics", "ProgrammingBasics\ProgrammingBasics.csproj", "{1B6959BA-A667-4169-B126-B2545B0EBBC4}"
EndProject
Project("{9A19103F-16F7-4668-BE54-9A1E7A4F7556}") = "Demo", "Demo\Demo.csproj", "{2102C5E3-C98B-4433-8942-4C27199047D3}"
EndProject
Project("{9A19103F-16F7-4668-BE54-9A1E7A4F7556}") = "ConcatenateData", "ConcatenateData\ConcatenateData.csproj", "{1039A978-01D2-4BA0-B626-4305EEE23C29}"
EndProject
Project("{9A19103F-16F7-4668-BE54-9A1E7A4F7556}") = "TimePlusFifteenMinutes", "TimePlusFifteenMinutes\TimePlusFifteenMinutes.csproj", "{CF2DC26E-B822-4F8F-88A1-F474F7939DDA}"
EndProject
Project("{9A19103F-16F7-4668-BE54-9A1E7A4F7556}") = "SumSeconds", "SumSeconds\SumSeconds.csproj", "{D6A51D7B-944E-4F83-A522-B39D9A9A5EF7}"
EndProject
Project("{9A19103F-16F7-4668-BE54-9A1E7A4F7556}") = "UnitConverter", "UnitConverter\UnitConverter.csproj", "{2AB5E01A-CF88-4567-A259-61EE06414ED6}"
EndProject
Project("{9A19103F-16F7-4668-BE54-9A1E7A4F7556}") = "PersonalTitles", "PersonalTitles\PersonalTitles.csproj", "{EAC03F08-C4B7-4931-A4E5-533994B788FF}"
EndProject
Project("{9A19103F-16F7-4668-BE54-9A1E7A4F7556}") = "SmallShop", "SmallShop\SmallShop.csproj", "{040587EE-CDDD-49D5-807C-C9881111DF4A}"
EndProject
Project("{9A19103F-16F7-4668-BE54-9A1E7A4F7556}") = "FruitOrVegetable", "FruitOrVegetable\FruitOrVegetable.csproj", "{8CB8DC4E-E206-4C8C-95D7-E33367DD2BB5}"
EndProject
Project("{9A19103F-16F7-4668-BE54-9A1E7A4F7556}") = "InsideRectangle", "InsideRectangle\InsideRectangle.csproj", "{CF602CAE-F601-4F17-90C6-81ED254C4CB0}"
EndProject
Project("{9A19103F-16F7-4668-BE54-9A1E7A4F7556}") = "Cinema", "Cinema\Cinema.csproj", "{F9AA3F9F-D8A7-404F-8D6B-D146F11E9E5F}"
EndProject
Project("{9A19103F-16F7-4668-BE54-9A1E7A4F7556}") = "DayOfWeek", "DayOfWeek\DayOfWeek.csproj", "{2BC0C0DB-A1F7-4DEC-B862-F6F27FDB0705}"
EndProject
Project("{9A19103F-16F7-4668-BE54-9A1E7A4F7556}") = "TravelCosts", "TravelCosts\TravelCosts.csproj", "{45FFB67B-60C6-484D-BF01-6AEE0016DA9F}"
EndProject
Project("{9A19103F-16F7-4668-BE54-9A1E7A4F7556}") = "OnTimeForExam", "OnTimeForExam\OnTimeForExam.csproj", "{7928FC9D-4509-4952-9ED9-8EED977C9D2C}"
EndProject
Project("{9A19103F-16F7-4668-BE54-9A1E7A4F7556}") = "BasicLoops", "BasicLoops\BasicLoops.csproj", "{FC782B57-A87E-4283-97E0-7B1CD6146F9E}"
EndProject
Project("{9A19103F-16F7-4668-BE54-9A1E7A4F7556}") = "NumbersFrom1To100", "NumbersFrom1To100\NumbersFrom1To100.csproj", "{91E0A29D-9BB8-424A-AB1A-677FC54C4180}"
EndProject
Project("{9A19103F-16F7-4668-BE54-9A1E7A4F7556}") = "OrderOf2kPlus1", "OrderOf2kPlus1\OrderOf2kPlus1.csproj", "{18EC27D3-3212-476C-8B47-417F8F16B403}"
EndProject
Project("{9A19103F-16F7-4668-BE54-9A1E7A4F7556}") = "NumberInRange1_100", "NumberInRange1_100\NumberInRange1_100.csproj", "{DA611A28-CA28-411C-8682-5044069A261D}"
EndProject
Project("{9A19103F-16F7-4668-BE54-9A1E7A4F7556}") = "NumbersEnding7", "NumbersEnding7\NumbersEnding7.csproj", "{74104302-C2FF-47CA-B5FE-8ABACB44296B}"
EndProject
Project("{9A19103F-16F7-4668-BE54-9A1E7A4F7556}") = "SumNumbers", "SumNumbers\SumNumbers.csproj", "{CC776E2B-A891-435E-B44D-6D5A71157A54}"
EndProject
Project("{9A19103F-16F7-4668-BE54-9A1E7A4F7556}") = "MaxNumber", "MaxNumber\MaxNumber.csproj", "{449C9375-D84B-4382-A5B4-7D995C1686D4}"
EndProject
Project("{9A19103F-16F7-4668-BE54-9A1E7A4F7556}") = "LeftRightSum", "LeftRightSum\LeftRightSum.csproj", "{CFAE55B5-EDAB-4D0C-BFFB-C87439A2107B}"
EndProject
Project("{9A19103F-16F7-4668-BE54-9A1E7A4F7556}") = "EvenOddSum", "EvenOddSum\EvenOddSum.csproj", "{0902F969-0184-47E3-B41B-DC8BEB212AE5}"
EndProject
Project("{9A19103F-16F7-4668-BE54-9A1E7A4F7556}") = "EqualPairs", "EqualPairs\EqualPairs.csproj", "{AC13B6F5-F015-4894-9582-2C220E3D6493}"
EndProject
Project("{9A19103F-16F7-4668-BE54-9A1E7A4F7556}") = "LoopByStep3", "LoopByStep3\LoopByStep3.csproj", "{F2C697F7-BA8D-4BFE-99C1-61216879CBF3}"
EndProject
Project("{9A19103F-16F7-4668-BE54-9A1E7A4F7556}") = "NumbersPowerOf2", "NumbersPowerOf2\NumbersPowerOf2.csproj", "{A71A6585-9C57-4892-A91A-406547F75971}"
EndProject
Project("{9A19103F-16F7-4668-BE54-9A1E7A4F7556}") = "GCD", "GCD\GCD.csproj", "{1290E7F8-8269-4777-92EC-B0D70A1967CB}"
EndProject
Project("{9A19103F-16F7-4668-BE54-9A1E7A4F7556}") = "Histogram", "Histogram\Histogram.csproj", "{02E233CE-82C4-4384-8830-E4D25A012599}"
EndProject
Project("{9A19103F-16F7-4668-BE54-9A1E7A4F7556}") = "SquareFrame", "SquareFrame\SquareFrame.csproj", "{3B6B2ABD-B751-4975-8E2C-7FD3C541A86F}"
EndProject
Project("{9A19103F-16F7-4668-BE54-9A1E7A4F7556}") = "ChristmasTree", "ChristmasTree\ChristmasTree.csproj", "{A811F8BF-033E-48CA-835B-D6B9C5A338CB}"
EndProject
Project("{9A19103F-16F7-4668-BE54-9A1E7A4F7556}") = "CountDigitsOfNumber", "CountDigitsOfNumber\CountDigitsOfNumber.csproj", "{0229B6E1-9499-41DA-9E7C-60721FBE4272}"
EndProject
Project("{9A19103F-16F7-4668-BE54-9A1E7A4F7556}") = "SumDigitsOfNumber", "SumDigitsOfNumber\SumDigitsOfNumber.csproj", "{0950FA2F-F38A-4470-8414-C7E5927F1AE3}"
EndProject
Project("{9A19103F-16F7-4668-BE54-9A1E7A4F7556}") = "CheckIsPrime", "CheckIsPrime\CheckIsPrime.csproj", "{E04391FA-05E2-43D1-99C5-786DE32A4C29}"
EndProject
Project("{9A19103F-16F7-4668-BE54-9A1E7A4F7556}") = "StupidPasswordGenerator", "StupidPasswordGenerator\StupidPasswordGenerator.csproj", "{731EAFF6-3283-47F4-AB24-E508CED94DAA}"
EndProject
Project("{9A19103F-16F7-4668-BE54-9A1E7A4F7556}") = "Factorial", "Factorial\Factorial.csproj", "{E79788E6-9B42-48FB-B25B-6E304F10A7F5}"
EndProject
Project("{9A19103F-16F7-4668-BE54-9A1E7A4F7556}") = "Fibonacci", "Fibonacci\Fibonacci.csproj", "{13BA3BEF-946E-47B4-A89F-B6215FEE7BA9}"
EndProject
Project("{9A19103F-16F7-4668-BE54-9A1E7A4F7556}") = "PyramidOfNumbers", "PyramidOfNumbers\PyramidOfNumbers.csproj", "{41ECC19D-E9F7-4759-9C6F-B834DC2AACEE}"
EndProject
Project("{9A19103F-16F7-4668-BE54-9A1E7A4F7556}") = "MatrixOfNumbers", "MatrixOfNumbers\MatrixOfNumbers.csproj", "{1FE1395D-9E49-4428-A658-8AC8E8B44BFC}"
EndProject
Project("{9A19103F-16F7-4668-BE54-9A1E7A4F7556}") = "WholeNumberSign", "WholeNumberSign\WholeNumberSign.csproj", "{7B742D35-C113-4041-A3A5-BF86AB60069D}"
EndProject
Project("{9A19103F-16F7-4668-BE54-9A1E7A4F7556}") = "PrintTriangle", "PrintTriangle\PrintTriangle.csproj", "{40C975B6-2E7B-4A1C-B738-A9313934D06E}"
EndProject
Project("{FAE04EC0-301F-11D3-BF4B-00C04F79EFBC}") = "RectangleOf10x10Stars", "RectangleOf10x10Stars\RectangleOf10x10Stars.csproj", "{27018632-F0E6-434B-BA74-AEA982BDC5C4}"
EndProject
Project("{FAE04EC0-301F-11D3-BF4B-00C04F79EFBC}") = "RectangleOfNxNStars", "RectangleOfNxNStars\RectangleOfNxNStars.csproj", "{A22B3C00-CE6A-4513-872E-B4049FC0D5A6}"
EndProject
Project("{FAE04EC0-301F-11D3-BF4B-00C04F79EFBC}") = "DiamondOfStars", "DiamondOfStars\DiamondOfStars.csproj", "{B36D4202-CF63-496B-82D6-165C782360E1}"
EndProject
Project("{FAE04EC0-301F-11D3-BF4B-00C04F79EFBC}") = "SunGlasses", "SunGlasses\SunGlasses.csproj", "{2C21C2EE-A56A-4BAA-A658-C9B4F2632867}"
EndProject
Project("{FAE04EC0-301F-11D3-BF4B-00C04F79EFBC}") = "House", "House\House.csproj", "{1F35178A-3E8E-4B9D-8526-DCDD400D49B0}"
EndProject
Global
	GlobalSection(SolutionConfigurationPlatforms) = preSolution
		Debug|Any CPU = Debug|Any CPU
		Release|Any CPU = Release|Any CPU
	EndGlobalSection
	GlobalSection(ProjectConfigurationPlatforms) = postSolution
		{1B6959BA-A667-4169-B126-B2545B0EBBC4}.Debug|Any CPU.ActiveCfg = Debug|Any CPU
		{1B6959BA-A667-4169-B126-B2545B0EBBC4}.Debug|Any CPU.Build.0 = Debug|Any CPU
		{1B6959BA-A667-4169-B126-B2545B0EBBC4}.Release|Any CPU.ActiveCfg = Release|Any CPU
		{1B6959BA-A667-4169-B126-B2545B0EBBC4}.Release|Any CPU.Build.0 = Release|Any CPU
		{2102C5E3-C98B-4433-8942-4C27199047D3}.Debug|Any CPU.ActiveCfg = Debug|Any CPU
		{2102C5E3-C98B-4433-8942-4C27199047D3}.Debug|Any CPU.Build.0 = Debug|Any CPU
		{2102C5E3-C98B-4433-8942-4C27199047D3}.Release|Any CPU.ActiveCfg = Release|Any CPU
		{2102C5E3-C98B-4433-8942-4C27199047D3}.Release|Any CPU.Build.0 = Release|Any CPU
		{1039A978-01D2-4BA0-B626-4305EEE23C29}.Debug|Any CPU.ActiveCfg = Debug|Any CPU
		{1039A978-01D2-4BA0-B626-4305EEE23C29}.Debug|Any CPU.Build.0 = Debug|Any CPU
		{1039A978-01D2-4BA0-B626-4305EEE23C29}.Release|Any CPU.ActiveCfg = Release|Any CPU
		{1039A978-01D2-4BA0-B626-4305EEE23C29}.Release|Any CPU.Build.0 = Release|Any CPU
		{CF2DC26E-B822-4F8F-88A1-F474F7939DDA}.Debug|Any CPU.ActiveCfg = Debug|Any CPU
		{CF2DC26E-B822-4F8F-88A1-F474F7939DDA}.Debug|Any CPU.Build.0 = Debug|Any CPU
		{CF2DC26E-B822-4F8F-88A1-F474F7939DDA}.Release|Any CPU.ActiveCfg = Release|Any CPU
		{CF2DC26E-B822-4F8F-88A1-F474F7939DDA}.Release|Any CPU.Build.0 = Release|Any CPU
		{D6A51D7B-944E-4F83-A522-B39D9A9A5EF7}.Debug|Any CPU.ActiveCfg = Debug|Any CPU
		{D6A51D7B-944E-4F83-A522-B39D9A9A5EF7}.Debug|Any CPU.Build.0 = Debug|Any CPU
		{D6A51D7B-944E-4F83-A522-B39D9A9A5EF7}.Release|Any CPU.ActiveCfg = Release|Any CPU
		{D6A51D7B-944E-4F83-A522-B39D9A9A5EF7}.Release|Any CPU.Build.0 = Release|Any CPU
		{2AB5E01A-CF88-4567-A259-61EE06414ED6}.Debug|Any CPU.ActiveCfg = Debug|Any CPU
		{2AB5E01A-CF88-4567-A259-61EE06414ED6}.Debug|Any CPU.Build.0 = Debug|Any CPU
		{2AB5E01A-CF88-4567-A259-61EE06414ED6}.Release|Any CPU.ActiveCfg = Release|Any CPU
		{2AB5E01A-CF88-4567-A259-61EE06414ED6}.Release|Any CPU.Build.0 = Release|Any CPU
		{EAC03F08-C4B7-4931-A4E5-533994B788FF}.Debug|Any CPU.ActiveCfg = Debug|Any CPU
		{EAC03F08-C4B7-4931-A4E5-533994B788FF}.Debug|Any CPU.Build.0 = Debug|Any CPU
		{EAC03F08-C4B7-4931-A4E5-533994B788FF}.Release|Any CPU.ActiveCfg = Release|Any CPU
		{EAC03F08-C4B7-4931-A4E5-533994B788FF}.Release|Any CPU.Build.0 = Release|Any CPU
		{040587EE-CDDD-49D5-807C-C9881111DF4A}.Debug|Any CPU.ActiveCfg = Debug|Any CPU
		{040587EE-CDDD-49D5-807C-C9881111DF4A}.Debug|Any CPU.Build.0 = Debug|Any CPU
		{040587EE-CDDD-49D5-807C-C9881111DF4A}.Release|Any CPU.ActiveCfg = Release|Any CPU
		{040587EE-CDDD-49D5-807C-C9881111DF4A}.Release|Any CPU.Build.0 = Release|Any CPU
		{8CB8DC4E-E206-4C8C-95D7-E33367DD2BB5}.Debug|Any CPU.ActiveCfg = Debug|Any CPU
		{8CB8DC4E-E206-4C8C-95D7-E33367DD2BB5}.Debug|Any CPU.Build.0 = Debug|Any CPU
		{8CB8DC4E-E206-4C8C-95D7-E33367DD2BB5}.Release|Any CPU.ActiveCfg = Release|Any CPU
		{8CB8DC4E-E206-4C8C-95D7-E33367DD2BB5}.Release|Any CPU.Build.0 = Release|Any CPU
		{CF602CAE-F601-4F17-90C6-81ED254C4CB0}.Debug|Any CPU.ActiveCfg = Debug|Any CPU
		{CF602CAE-F601-4F17-90C6-81ED254C4CB0}.Debug|Any CPU.Build.0 = Debug|Any CPU
		{CF602CAE-F601-4F17-90C6-81ED254C4CB0}.Release|Any CPU.ActiveCfg = Release|Any CPU
		{CF602CAE-F601-4F17-90C6-81ED254C4CB0}.Release|Any CPU.Build.0 = Release|Any CPU
		{F9AA3F9F-D8A7-404F-8D6B-D146F11E9E5F}.Debug|Any CPU.ActiveCfg = Debug|Any CPU
		{F9AA3F9F-D8A7-404F-8D6B-D146F11E9E5F}.Debug|Any CPU.Build.0 = Debug|Any CPU
		{F9AA3F9F-D8A7-404F-8D6B-D146F11E9E5F}.Release|Any CPU.ActiveCfg = Release|Any CPU
		{F9AA3F9F-D8A7-404F-8D6B-D146F11E9E5F}.Release|Any CPU.Build.0 = Release|Any CPU
		{2BC0C0DB-A1F7-4DEC-B862-F6F27FDB0705}.Debug|Any CPU.ActiveCfg = Debug|Any CPU
		{2BC0C0DB-A1F7-4DEC-B862-F6F27FDB0705}.Debug|Any CPU.Build.0 = Debug|Any CPU
		{2BC0C0DB-A1F7-4DEC-B862-F6F27FDB0705}.Release|Any CPU.ActiveCfg = Release|Any CPU
		{2BC0C0DB-A1F7-4DEC-B862-F6F27FDB0705}.Release|Any CPU.Build.0 = Release|Any CPU
		{45FFB67B-60C6-484D-BF01-6AEE0016DA9F}.Debug|Any CPU.ActiveCfg = Debug|Any CPU
		{45FFB67B-60C6-484D-BF01-6AEE0016DA9F}.Debug|Any CPU.Build.0 = Debug|Any CPU
		{45FFB67B-60C6-484D-BF01-6AEE0016DA9F}.Release|Any CPU.ActiveCfg = Release|Any CPU
		{45FFB67B-60C6-484D-BF01-6AEE0016DA9F}.Release|Any CPU.Build.0 = Release|Any CPU
		{7928FC9D-4509-4952-9ED9-8EED977C9D2C}.Debug|Any CPU.ActiveCfg = Debug|Any CPU
		{7928FC9D-4509-4952-9ED9-8EED977C9D2C}.Debug|Any CPU.Build.0 = Debug|Any CPU
		{7928FC9D-4509-4952-9ED9-8EED977C9D2C}.Release|Any CPU.ActiveCfg = Release|Any CPU
		{7928FC9D-4509-4952-9ED9-8EED977C9D2C}.Release|Any CPU.Build.0 = Release|Any CPU
		{FC782B57-A87E-4283-97E0-7B1CD6146F9E}.Debug|Any CPU.ActiveCfg = Debug|Any CPU
		{FC782B57-A87E-4283-97E0-7B1CD6146F9E}.Debug|Any CPU.Build.0 = Debug|Any CPU
		{FC782B57-A87E-4283-97E0-7B1CD6146F9E}.Release|Any CPU.ActiveCfg = Release|Any CPU
		{FC782B57-A87E-4283-97E0-7B1CD6146F9E}.Release|Any CPU.Build.0 = Release|Any CPU
		{91E0A29D-9BB8-424A-AB1A-677FC54C4180}.Debug|Any CPU.ActiveCfg = Debug|Any CPU
		{91E0A29D-9BB8-424A-AB1A-677FC54C4180}.Debug|Any CPU.Build.0 = Debug|Any CPU
		{91E0A29D-9BB8-424A-AB1A-677FC54C4180}.Release|Any CPU.ActiveCfg = Release|Any CPU
		{91E0A29D-9BB8-424A-AB1A-677FC54C4180}.Release|Any CPU.Build.0 = Release|Any CPU
		{18EC27D3-3212-476C-8B47-417F8F16B403}.Debug|Any CPU.ActiveCfg = Debug|Any CPU
		{18EC27D3-3212-476C-8B47-417F8F16B403}.Debug|Any CPU.Build.0 = Debug|Any CPU
		{18EC27D3-3212-476C-8B47-417F8F16B403}.Release|Any CPU.ActiveCfg = Release|Any CPU
		{18EC27D3-3212-476C-8B47-417F8F16B403}.Release|Any CPU.Build.0 = Release|Any CPU
		{DA611A28-CA28-411C-8682-5044069A261D}.Debug|Any CPU.ActiveCfg = Debug|Any CPU
		{DA611A28-CA28-411C-8682-5044069A261D}.Debug|Any CPU.Build.0 = Debug|Any CPU
		{DA611A28-CA28-411C-8682-5044069A261D}.Release|Any CPU.ActiveCfg = Release|Any CPU
		{DA611A28-CA28-411C-8682-5044069A261D}.Release|Any CPU.Build.0 = Release|Any CPU
		{74104302-C2FF-47CA-B5FE-8ABACB44296B}.Debug|Any CPU.ActiveCfg = Debug|Any CPU
		{74104302-C2FF-47CA-B5FE-8ABACB44296B}.Debug|Any CPU.Build.0 = Debug|Any CPU
		{74104302-C2FF-47CA-B5FE-8ABACB44296B}.Release|Any CPU.ActiveCfg = Release|Any CPU
		{74104302-C2FF-47CA-B5FE-8ABACB44296B}.Release|Any CPU.Build.0 = Release|Any CPU
		{CC776E2B-A891-435E-B44D-6D5A71157A54}.Debug|Any CPU.ActiveCfg = Debug|Any CPU
		{CC776E2B-A891-435E-B44D-6D5A71157A54}.Debug|Any CPU.Build.0 = Debug|Any CPU
		{CC776E2B-A891-435E-B44D-6D5A71157A54}.Release|Any CPU.ActiveCfg = Release|Any CPU
		{CC776E2B-A891-435E-B44D-6D5A71157A54}.Release|Any CPU.Build.0 = Release|Any CPU
		{449C9375-D84B-4382-A5B4-7D995C1686D4}.Debug|Any CPU.ActiveCfg = Debug|Any CPU
		{449C9375-D84B-4382-A5B4-7D995C1686D4}.Debug|Any CPU.Build.0 = Debug|Any CPU
		{449C9375-D84B-4382-A5B4-7D995C1686D4}.Release|Any CPU.ActiveCfg = Release|Any CPU
		{449C9375-D84B-4382-A5B4-7D995C1686D4}.Release|Any CPU.Build.0 = Release|Any CPU
		{CFAE55B5-EDAB-4D0C-BFFB-C87439A2107B}.Debug|Any CPU.ActiveCfg = Debug|Any CPU
		{CFAE55B5-EDAB-4D0C-BFFB-C87439A2107B}.Debug|Any CPU.Build.0 = Debug|Any CPU
		{CFAE55B5-EDAB-4D0C-BFFB-C87439A2107B}.Release|Any CPU.ActiveCfg = Release|Any CPU
		{CFAE55B5-EDAB-4D0C-BFFB-C87439A2107B}.Release|Any CPU.Build.0 = Release|Any CPU
		{0902F969-0184-47E3-B41B-DC8BEB212AE5}.Debug|Any CPU.ActiveCfg = Debug|Any CPU
		{0902F969-0184-47E3-B41B-DC8BEB212AE5}.Debug|Any CPU.Build.0 = Debug|Any CPU
		{0902F969-0184-47E3-B41B-DC8BEB212AE5}.Release|Any CPU.ActiveCfg = Release|Any CPU
		{0902F969-0184-47E3-B41B-DC8BEB212AE5}.Release|Any CPU.Build.0 = Release|Any CPU
		{AC13B6F5-F015-4894-9582-2C220E3D6493}.Debug|Any CPU.ActiveCfg = Debug|Any CPU
		{AC13B6F5-F015-4894-9582-2C220E3D6493}.Debug|Any CPU.Build.0 = Debug|Any CPU
		{AC13B6F5-F015-4894-9582-2C220E3D6493}.Release|Any CPU.ActiveCfg = Release|Any CPU
		{AC13B6F5-F015-4894-9582-2C220E3D6493}.Release|Any CPU.Build.0 = Release|Any CPU
		{F2C697F7-BA8D-4BFE-99C1-61216879CBF3}.Debug|Any CPU.ActiveCfg = Debug|Any CPU
		{F2C697F7-BA8D-4BFE-99C1-61216879CBF3}.Debug|Any CPU.Build.0 = Debug|Any CPU
		{F2C697F7-BA8D-4BFE-99C1-61216879CBF3}.Release|Any CPU.ActiveCfg = Release|Any CPU
		{F2C697F7-BA8D-4BFE-99C1-61216879CBF3}.Release|Any CPU.Build.0 = Release|Any CPU
		{A71A6585-9C57-4892-A91A-406547F75971}.Debug|Any CPU.ActiveCfg = Debug|Any CPU
		{A71A6585-9C57-4892-A91A-406547F75971}.Debug|Any CPU.Build.0 = Debug|Any CPU
		{A71A6585-9C57-4892-A91A-406547F75971}.Release|Any CPU.ActiveCfg = Release|Any CPU
		{A71A6585-9C57-4892-A91A-406547F75971}.Release|Any CPU.Build.0 = Release|Any CPU
		{1290E7F8-8269-4777-92EC-B0D70A1967CB}.Debug|Any CPU.ActiveCfg = Debug|Any CPU
		{1290E7F8-8269-4777-92EC-B0D70A1967CB}.Debug|Any CPU.Build.0 = Debug|Any CPU
		{1290E7F8-8269-4777-92EC-B0D70A1967CB}.Release|Any CPU.ActiveCfg = Release|Any CPU
		{1290E7F8-8269-4777-92EC-B0D70A1967CB}.Release|Any CPU.Build.0 = Release|Any CPU
		{02E233CE-82C4-4384-8830-E4D25A012599}.Debug|Any CPU.ActiveCfg = Debug|Any CPU
		{02E233CE-82C4-4384-8830-E4D25A012599}.Debug|Any CPU.Build.0 = Debug|Any CPU
		{02E233CE-82C4-4384-8830-E4D25A012599}.Release|Any CPU.ActiveCfg = Release|Any CPU
		{02E233CE-82C4-4384-8830-E4D25A012599}.Release|Any CPU.Build.0 = Release|Any CPU
		{3B6B2ABD-B751-4975-8E2C-7FD3C541A86F}.Debug|Any CPU.ActiveCfg = Debug|Any CPU
		{3B6B2ABD-B751-4975-8E2C-7FD3C541A86F}.Debug|Any CPU.Build.0 = Debug|Any CPU
		{3B6B2ABD-B751-4975-8E2C-7FD3C541A86F}.Release|Any CPU.ActiveCfg = Release|Any CPU
		{3B6B2ABD-B751-4975-8E2C-7FD3C541A86F}.Release|Any CPU.Build.0 = Release|Any CPU
		{A811F8BF-033E-48CA-835B-D6B9C5A338CB}.Debug|Any CPU.ActiveCfg = Debug|Any CPU
		{A811F8BF-033E-48CA-835B-D6B9C5A338CB}.Debug|Any CPU.Build.0 = Debug|Any CPU
		{A811F8BF-033E-48CA-835B-D6B9C5A338CB}.Release|Any CPU.ActiveCfg = Release|Any CPU
		{A811F8BF-033E-48CA-835B-D6B9C5A338CB}.Release|Any CPU.Build.0 = Release|Any CPU
		{0229B6E1-9499-41DA-9E7C-60721FBE4272}.Debug|Any CPU.ActiveCfg = Debug|Any CPU
		{0229B6E1-9499-41DA-9E7C-60721FBE4272}.Debug|Any CPU.Build.0 = Debug|Any CPU
		{0229B6E1-9499-41DA-9E7C-60721FBE4272}.Release|Any CPU.ActiveCfg = Release|Any CPU
		{0229B6E1-9499-41DA-9E7C-60721FBE4272}.Release|Any CPU.Build.0 = Release|Any CPU
		{0950FA2F-F38A-4470-8414-C7E5927F1AE3}.Debug|Any CPU.ActiveCfg = Debug|Any CPU
		{0950FA2F-F38A-4470-8414-C7E5927F1AE3}.Debug|Any CPU.Build.0 = Debug|Any CPU
		{0950FA2F-F38A-4470-8414-C7E5927F1AE3}.Release|Any CPU.ActiveCfg = Release|Any CPU
		{0950FA2F-F38A-4470-8414-C7E5927F1AE3}.Release|Any CPU.Build.0 = Release|Any CPU
		{E04391FA-05E2-43D1-99C5-786DE32A4C29}.Debug|Any CPU.ActiveCfg = Debug|Any CPU
		{E04391FA-05E2-43D1-99C5-786DE32A4C29}.Debug|Any CPU.Build.0 = Debug|Any CPU
		{E04391FA-05E2-43D1-99C5-786DE32A4C29}.Release|Any CPU.ActiveCfg = Release|Any CPU
		{E04391FA-05E2-43D1-99C5-786DE32A4C29}.Release|Any CPU.Build.0 = Release|Any CPU
		{731EAFF6-3283-47F4-AB24-E508CED94DAA}.Debug|Any CPU.ActiveCfg = Debug|Any CPU
		{731EAFF6-3283-47F4-AB24-E508CED94DAA}.Debug|Any CPU.Build.0 = Debug|Any CPU
		{731EAFF6-3283-47F4-AB24-E508CED94DAA}.Release|Any CPU.ActiveCfg = Release|Any CPU
		{731EAFF6-3283-47F4-AB24-E508CED94DAA}.Release|Any CPU.Build.0 = Release|Any CPU
		{E79788E6-9B42-48FB-B25B-6E304F10A7F5}.Debug|Any CPU.ActiveCfg = Debug|Any CPU
		{E79788E6-9B42-48FB-B25B-6E304F10A7F5}.Debug|Any CPU.Build.0 = Debug|Any CPU
		{E79788E6-9B42-48FB-B25B-6E304F10A7F5}.Release|Any CPU.ActiveCfg = Release|Any CPU
		{E79788E6-9B42-48FB-B25B-6E304F10A7F5}.Release|Any CPU.Build.0 = Release|Any CPU
		{13BA3BEF-946E-47B4-A89F-B6215FEE7BA9}.Debug|Any CPU.ActiveCfg = Debug|Any CPU
		{13BA3BEF-946E-47B4-A89F-B6215FEE7BA9}.Debug|Any CPU.Build.0 = Debug|Any CPU
		{13BA3BEF-946E-47B4-A89F-B6215FEE7BA9}.Release|Any CPU.ActiveCfg = Release|Any CPU
		{13BA3BEF-946E-47B4-A89F-B6215FEE7BA9}.Release|Any CPU.Build.0 = Release|Any CPU
		{41ECC19D-E9F7-4759-9C6F-B834DC2AACEE}.Debug|Any CPU.ActiveCfg = Debug|Any CPU
		{41ECC19D-E9F7-4759-9C6F-B834DC2AACEE}.Debug|Any CPU.Build.0 = Debug|Any CPU
		{41ECC19D-E9F7-4759-9C6F-B834DC2AACEE}.Release|Any CPU.ActiveCfg = Release|Any CPU
		{41ECC19D-E9F7-4759-9C6F-B834DC2AACEE}.Release|Any CPU.Build.0 = Release|Any CPU
		{1FE1395D-9E49-4428-A658-8AC8E8B44BFC}.Debug|Any CPU.ActiveCfg = Debug|Any CPU
		{1FE1395D-9E49-4428-A658-8AC8E8B44BFC}.Debug|Any CPU.Build.0 = Debug|Any CPU
		{1FE1395D-9E49-4428-A658-8AC8E8B44BFC}.Release|Any CPU.ActiveCfg = Release|Any CPU
		{1FE1395D-9E49-4428-A658-8AC8E8B44BFC}.Release|Any CPU.Build.0 = Release|Any CPU
		{7B742D35-C113-4041-A3A5-BF86AB60069D}.Debug|Any CPU.ActiveCfg = Debug|Any CPU
		{7B742D35-C113-4041-A3A5-BF86AB60069D}.Debug|Any CPU.Build.0 = Debug|Any CPU
		{7B742D35-C113-4041-A3A5-BF86AB60069D}.Release|Any CPU.ActiveCfg = Release|Any CPU
		{7B742D35-C113-4041-A3A5-BF86AB60069D}.Release|Any CPU.Build.0 = Release|Any CPU
		{40C975B6-2E7B-4A1C-B738-A9313934D06E}.Debug|Any CPU.ActiveCfg = Debug|Any CPU
		{40C975B6-2E7B-4A1C-B738-A9313934D06E}.Debug|Any CPU.Build.0 = Debug|Any CPU
		{40C975B6-2E7B-4A1C-B738-A9313934D06E}.Release|Any CPU.ActiveCfg = Release|Any CPU
		{40C975B6-2E7B-4A1C-B738-A9313934D06E}.Release|Any CPU.Build.0 = Release|Any CPU
		{27018632-F0E6-434B-BA74-AEA982BDC5C4}.Debug|Any CPU.ActiveCfg = Debug|Any CPU
		{27018632-F0E6-434B-BA74-AEA982BDC5C4}.Debug|Any CPU.Build.0 = Debug|Any CPU
		{27018632-F0E6-434B-BA74-AEA982BDC5C4}.Release|Any CPU.ActiveCfg = Release|Any CPU
		{27018632-F0E6-434B-BA74-AEA982BDC5C4}.Release|Any CPU.Build.0 = Release|Any CPU
		{A22B3C00-CE6A-4513-872E-B4049FC0D5A6}.Debug|Any CPU.ActiveCfg = Debug|Any CPU
		{A22B3C00-CE6A-4513-872E-B4049FC0D5A6}.Debug|Any CPU.Build.0 = Debug|Any CPU
		{A22B3C00-CE6A-4513-872E-B4049FC0D5A6}.Release|Any CPU.ActiveCfg = Release|Any CPU
		{A22B3C00-CE6A-4513-872E-B4049FC0D5A6}.Release|Any CPU.Build.0 = Release|Any CPU
		{B36D4202-CF63-496B-82D6-165C782360E1}.Debug|Any CPU.ActiveCfg = Debug|Any CPU
		{B36D4202-CF63-496B-82D6-165C782360E1}.Debug|Any CPU.Build.0 = Debug|Any CPU
		{B36D4202-CF63-496B-82D6-165C782360E1}.Release|Any CPU.ActiveCfg = Release|Any CPU
		{B36D4202-CF63-496B-82D6-165C782360E1}.Release|Any CPU.Build.0 = Release|Any CPU
		{2C21C2EE-A56A-4BAA-A658-C9B4F2632867}.Debug|Any CPU.ActiveCfg = Debug|Any CPU
		{2C21C2EE-A56A-4BAA-A658-C9B4F2632867}.Debug|Any CPU.Build.0 = Debug|Any CPU
		{2C21C2EE-A56A-4BAA-A658-C9B4F2632867}.Release|Any CPU.ActiveCfg = Release|Any CPU
		{2C21C2EE-A56A-4BAA-A658-C9B4F2632867}.Release|Any CPU.Build.0 = Release|Any CPU
		{1F35178A-3E8E-4B9D-8526-DCDD400D49B0}.Debug|Any CPU.ActiveCfg = Debug|Any CPU
		{1F35178A-3E8E-4B9D-8526-DCDD400D49B0}.Debug|Any CPU.Build.0 = Debug|Any CPU
		{1F35178A-3E8E-4B9D-8526-DCDD400D49B0}.Release|Any CPU.ActiveCfg = Release|Any CPU
		{1F35178A-3E8E-4B9D-8526-DCDD400D49B0}.Release|Any CPU.Build.0 = Release|Any CPU
	EndGlobalSection
	GlobalSection(SolutionProperties) = preSolution
		HideSolutionNode = FALSE
	EndGlobalSection
	GlobalSection(ExtensibilityGlobals) = postSolution
		SolutionGuid = {DA6365F2-2263-417F-AA56-701FAB1AC2E4}
	EndGlobalSection
EndGlobal
